
Microsoft Visual Studio Solution File, Format Version 12.00
# Visual Studio 2012
Project("{FAE04EC0-301F-11D3-BF4B-00C04F79EFBC}") = "Ark.Icfp2013", "Ark.Icfp2013\Ark.Icfp2013.csproj", "{8E3D5338-C1CB-4037-9CCB-6551AC8544DB}"
EndProject
Global
	GlobalSection(SolutionConfigurationPlatforms) = preSolution
		Debug|Any CPU = Debug|Any CPU
		Release|Any CPU = Release|Any CPU
	EndGlobalSection
	GlobalSection(ProjectConfigurationPlatforms) = postSolution
		{8E3D5338-C1CB-4037-9CCB-6551AC8544DB}.Debug|Any CPU.ActiveCfg = Debug|Any CPU
		{8E3D5338-C1CB-4037-9CCB-6551AC8544DB}.Debug|Any CPU.Build.0 = Debug|Any CPU
		{8E3D5338-C1CB-4037-9CCB-6551AC8544DB}.Release|Any CPU.ActiveCfg = Release|Any CPU
		{8E3D5338-C1CB-4037-9CCB-6551AC8544DB}.Release|Any CPU.Build.0 = Release|Any CPU
	EndGlobalSection
	GlobalSection(SolutionProperties) = preSolution
		HideSolutionNode = FALSE
	EndGlobalSection
EndGlobal
